PODS:
  - Flutter (1.0.0)
  - flutter_local_notifications (0.0.1):
    - Flutter
  - open_filex (0.0.2):
    - Flutter
  - permission_handler_apple (9.3.0):
    - Flutter
  - razorpay-core-pod (1.0.3)
  - razorpay-pod (1.5.2):
    - razorpay-core-pod (= 1.0.3)
  - razorpay_flutter (1.1.10):
    - Flutter
    - razorpay-pod
  - sms_autofill (0.0.1):
    - Flutter

DEPENDENCIES:
  - Flutter (from `Flutter`)
  - flutter_local_notifications (from `.symlinks/plugins/flutter_local_notifications/ios`)
  - open_filex (from `.symlinks/plugins/open_filex/ios`)
  - permission_handler_apple (from `.symlinks/plugins/permission_handler_apple/ios`)
  - razorpay_flutter (from `.symlinks/plugins/razorpay_flutter/ios`)
  - sms_autofill (from `.symlinks/plugins/sms_autofill/ios`)

SPEC REPOS:
  trunk:
    - razorpay-core-pod
    - razorpay-pod

EXTERNAL SOURCES:
  Flutter:
    :path: Flutter
  flutter_local_notifications:
    :path: ".symlinks/plugins/flutter_local_notifications/ios"
  open_filex:
    :path: ".symlinks/plugins/open_filex/ios"
  permission_handler_apple:
    :path: ".symlinks/plugins/permission_handler_apple/ios"
  razorpay_flutter:
    :path: ".symlinks/plugins/razorpay_flutter/ios"
  sms_autofill:
    :path: ".symlinks/plugins/sms_autofill/ios"

SPEC CHECKSUMS:
  Flutter: cabc95a1d2626b1b06e7179b784ebcf0c0cde467
  flutter_local_notifications: df98d66e515e1ca797af436137b4459b160ad8c9
  open_filex: 6e26e659846ec990262224a12ef1c528bb4edbe4
  permission_handler_apple: 9878588469a2b0d0fc1e048d9f43605f92e6cec2
  razorpay-core-pod: ef0309dbf8e3e5a1330f6cad89dcf9226d8ef758
  razorpay-pod: a9cb6e158aee8754053b147008eff6b4897789c8
  razorpay_flutter: 84b3bfd206ae9c9c2a9ba585524a1b3d8102b6c1
  sms_autofill: c461043483362c3f1709ee76eaae6eb570b31686

PODFILE CHECKSUM: 912b8315fe324f2627054387233badd83fda3220

COCOAPODS: 1.16.2
